{
  "version": 4,
  "terraform_version": "1.10.4",
  "serial": 7,
  "lineage": "1c564df6-4ebe-863d-0e48-6bd0b57b0070",
  "outputs": {
    "key_data": {
      "value": "ssh-rsa AAAAB3NzaC1yc2EAAAADAQABAAABgQCyHZAUxFQSjaGoRhvEoyTRGK9XugW3bOhF74477MUTIRG/sqcLBDEJEezvOiRsHC+6X2xXAo19M6AWSAYVcnFXhQnp7EsADGmgh5PfysBKkWb1qHIS3wTXI12VfqNgXmdZhtVGos3h3UadU9QNj+dXNlh19Vj0kYJNiWpy3uGYf8dsoMtXeDKfKVbhi5q2+oIq8BHeCQP0v15i8wNkvNdKdvJ0opv6tPbJkSp65MQG7JVgt5w5yYT3jR5x5tCLwe0R0GE2UL1ydvisXEcpZpxf4+DhwrSNTmlJli377vCXporohfNvtdwWn6QGdyrfHYzVMhh5SIIX+6ArB5pS8PhAIPS67j0EnwRPZFmCJUcXExcb7qzMyIGqbXa4QF4fOoCmllsfoKav8fCLxPnl1m3OJtjuRoFMjGDlZkDHHSY+BakG2E8eDGJywql203MFxGs8lenyaIPZA/bcU3QD/nEXnvcgssK90Jnh29OaMwOjN0ZfEvh5RKw+3MpJqHn+6ik= generated-by-azure",
      "type": "string"
    },
    "resource_group_name": {
      "value": "rg-possible-horse",
      "type": "string"
    }
  },
  "resources": [
    {
      "mode": "managed",
      "type": "azapi_resource",
      "name": "ssh_public_key",
      "provider": "provider[\"registry.terraform.io/azure/azapi\"]",
      "instances": [
        {
          "schema_version": 1,
          "attributes": {
            "body": {
              "value": "{}",
              "type": "string"
            },
            "id": "/subscriptions/306d594c-0350-4c72-a81e-0c32842d375c/resourceGroups/rg-possible-horse/providers/Microsoft.Compute/sshPublicKeys/sshfreedoberman",
            "identity": [],
            "ignore_body_changes": null,
            "ignore_casing": false,
            "ignore_missing_property": true,
            "location": "eastus",
            "locks": null,
            "name": "sshfreedoberman",
            "output": {
              "value": "{}",
              "type": "string"
            },
            "parent_id": "/subscriptions/306d594c-0350-4c72-a81e-0c32842d375c/resourceGroups/rg-possible-horse",
            "removing_special_chars": false,
            "response_export_values": null,
            "schema_validation_enabled": true,
            "tags": null,
            "timeouts": null,
            "type": "Microsoft.Compute/sshPublicKeys@2022-11-01"
          },
          "sensitive_attributes": [],
          "dependencies": [
            "azurerm_resource_group.rg",
            "random_pet.rg_name",
            "random_pet.ssh_key_name"
          ]
        }
      ]
    },
    {
      "mode": "managed",
      "type": "azapi_resource_action",
      "name": "ssh_public_key_gen",
      "provider": "provider[\"registry.terraform.io/azure/azapi\"]",
      "instances": [
        {
          "schema_version": 1,
          "attributes": {
            "action": "generateKeyPair",
            "body": null,
            "id": "/subscriptions/306d594c-0350-4c72-a81e-0c32842d375c/resourceGroups/rg-possible-horse/providers/Microsoft.Compute/sshPublicKeys/sshfreedoberman/generateKeyPair",
            "locks": null,
            "method": "POST",
            "output": {
              "value": {
                "privateKey": "-----BEGIN RSA PRIVATE KEY-----\r\nMIIG5AIBAAKCAYEAsh2QFMRUEo2hqEYbxKMk0RivV7oFt2zoRe+OO+zFEyERv7Kn\r\nCwQxCRHs7zokbBwvul9sVwKNfTOgFkgGFXJxV4UJ6exLAAxpoIeT38rASpFm9ahy\r\nEt8E1yNdlX6jYF5nWYbVRqLN4d1GnVPUDY/nVzZYdfVY9JGCTYlqct7hmH/HbKDL\r\nV3gynylW4YuatvqCKvAR3gkD9L9eYvMDZLzXSnbydKKb+rT2yZEqeuTEBuyVYLec\r\nOcmE940ecebQi8HtEdBhNlC9cnb4rFxHKWacX+Pg4cK0jU5pSZYt++7wl6aK6IXz\r\nb7XcFp+kBncq3x2M1TIYeUiCF/ugKweaUvD4QCD0uu49BJ8ET2RZgiVHFxMXG+6s\r\nzMiBqm12uEBeHzqAppZbH6Cmr/Hwi8T55dZtzibY7kaBTIxg5WZAxx0mPgWpBthP\r\nHgxicsKpdtNzBcRrPJXp8miD2QP23FN0A/5xF573ILLCvdCZ4dvTmjMDozdGXxL4\r\neUSsPtzKSah5/uopAgMBAAECggGBAJuX259oihDTDJ7U77js02Kdb77wz8GWL6m4\r\nRMXwZY/6WWjehbHH7ZYAxLuOTPbsAH2MkjXIExWGHZiZPkdJ+9z6aNiiBDp8nWEQ\r\nTos2sJfzQL/kcBIwJChTypKnV8z9asb4VCMqYTOneuJAsoNObEbxQIF63ER5QBy/\r\np+/E58myBeHM7RTx+Ta0hCLvMy4Y09Dyeok90ujgq3FA3HwJwwBXvCFLU3rEzrjy\r\nSOumH9/0l+EvRBfvBGrEKg5SFWeg9SPsLryH75lMtuMjqhY4ZPPEiG60TwwF+JSI\r\nyFpYk2xEOorY/CZC+pEf8ObU/jciA9gG7ZBS/WA5ZGFWMNBWudysEDesV9NXOGvD\r\nDQeiIypis438fMsJ23Oi/fx7R182EHYq0v1O+UCXgnLTiS8tgju/d/zVoNiZ1wtq\r\nHF7jx2zpe948gewVLoTIPhtNefhU6qZz4TFT084MbMXjK0MPWpT/yk+sZ2fhyFm4\r\nksFXwXc/Qmkb6IFwX1lghF5eIIL2KQKBwQDhz4u0as8FvU3TBgArnWrmu0ONJGRp\r\nBj7vgkyUX38uiQks2HC7rDbVMxeQG0X9HJ63zMHesicQP97/xACN811KlSexxM3y\r\n9gSKPVVXfZZd+qj4SpOl1rg4A3/smZBJl/a3Wjytmp8GJb5Nfo3YCNoKdqsTCgu0\r\n/z2liBAQh7l0lG6pTQ36VSiWq6wdLdcIbbZFOmtrpA0jEr3c93fSRXbqrQzkko5H\r\n+DohTpl5++9EqCK7+tGM1uUAtDVX/MjEiGcCgcEAye2hRE2Zx8r0LNiw43/l8mwX\r\nIb75j5G9G6gg4zJDt0NFOjMlEi2TYvMuEm/MCbgwwnUm2bAz7xUai12P665eDKxy\r\n3MPgc+NPXpNueMTZwtyuRum1eRXMkgRu58yZSnQ0lEtYFXz0W1XT9AmSgbH9bpg9\r\nQVoJOdByL48rOf6vdKErTmbBpGUbSHFNqZVYSAB0OFYoHtevxOKozevgaBXxmPEY\r\nZK4ex9ltpKmcWYews5aQSWkCcCZWE4bYOFHqjJ7vAoHBAJ69XzGSkDwxqt747e+7\r\nNuZCqKc0+R1XlbCbgaggRfD5xqhu8zkLRHS1+Q+GDLp1fyIoX/Vkec+Thvl32Qfx\r\nGBkRJ5lxh3IP/nsLyM27bJReXKBHFOpVOqWt2CUEgwkpOfgFCHjmJHqW1+P0XlSL\r\nTHRknbjBrB8t+zE9qEVmlDnfCrgbggMEEIdy4YiVq/+x2JtsCQ3fgpiwWSZYFTSN\r\nPp6UzmZ0nG79kifN8FhvgfFa3SgWl28RtmS7SnCzNJPsawKBwCzXwsqCWTZPUe5r\r\nqMy86Hnvmyt5V76UZOSxb6xEy1j1bXhBR2hECskcrAyYGz3FU767eYc6ZC4iB6UP\r\ngBicvnIeEdwI+92Ai227W/sh7CIkE+fXmt9rAeUjauW7QAeSyuJr4QHUoAdwhgNZ\r\n5Nk8h8V5tZC/x/C448LADp9wedJywEVG+JXjhi2OS+rvKY3D3AtuxrYiu/wDQe2J\r\nBmrXBLIsSHiDWn6TQJAiwn/3bDxVoXFMCqiROuhXN8k6F9ZmrQKBwBZ+DSVaWmcY\r\n6x2apJPBi1Z3PeNv6s62WXl5MdJvpKC4xcdfBd+AQogk7WxLv57uSzC7UOb/2OM5\r\n5FClOT/GIi0YxuGS+EmV2+1IIAcIu7CYpvAjDpwva/6aWu/lXNeKzYuRw+lVkIJO\r\n9kZD9NkHzCQvniOS2/rPyqsHKpa4zwqTkp3m/Az0d763fsOGcstq4M1iyugUlZv6\r\n0FGbSwFCGZLkEo7jaIPTVTigwy0JWaL5qOD/BK4R75aQkBEu3g/Pzg==\r\n-----END RSA PRIVATE KEY-----\r\n",
                "publicKey": "ssh-rsa AAAAB3NzaC1yc2EAAAADAQABAAABgQCyHZAUxFQSjaGoRhvEoyTRGK9XugW3bOhF74477MUTIRG/sqcLBDEJEezvOiRsHC+6X2xXAo19M6AWSAYVcnFXhQnp7EsADGmgh5PfysBKkWb1qHIS3wTXI12VfqNgXmdZhtVGos3h3UadU9QNj+dXNlh19Vj0kYJNiWpy3uGYf8dsoMtXeDKfKVbhi5q2+oIq8BHeCQP0v15i8wNkvNdKdvJ0opv6tPbJkSp65MQG7JVgt5w5yYT3jR5x5tCLwe0R0GE2UL1ydvisXEcpZpxf4+DhwrSNTmlJli377vCXporohfNvtdwWn6QGdyrfHYzVMhh5SIIX+6ArB5pS8PhAIPS67j0EnwRPZFmCJUcXExcb7qzMyIGqbXa4QF4fOoCmllsfoKav8fCLxPnl1m3OJtjuRoFMjGDlZkDHHSY+BakG2E8eDGJywql203MFxGs8lenyaIPZA/bcU3QD/nEXnvcgssK90Jnh29OaMwOjN0ZfEvh5RKw+3MpJqHn+6ik= generated-by-azure"
              },
              "type": [
                "object",
                {
                  "privateKey": "string",
                  "publicKey": "string"
                }
              ]
            },
            "resource_id": "/subscriptions/306d594c-0350-4c72-a81e-0c32842d375c/resourceGroups/rg-possible-horse/providers/Microsoft.Compute/sshPublicKeys/sshfreedoberman",
            "response_export_values": [
              "publicKey",
              "privateKey"
            ],
            "timeouts": null,
            "type": "Microsoft.Compute/sshPublicKeys@2022-11-01",
            "when": "apply"
          },
          "sensitive_attributes": [],
          "dependencies": [
            "azapi_resource.ssh_public_key",
            "azurerm_resource_group.rg",
            "random_pet.rg_name",
            "random_pet.ssh_key_name"
          ]
        }
      ]
    },
    {
      "mode": "managed",
      "type": "azurerm_resource_group",
      "name": "rg",
      "provider": "provider[\"registry.terraform.io/hashicorp/azurerm\"]",
      "instances": [
        {
          "schema_version": 0,
          "attributes": {
            "id": "/subscriptions/306d594c-0350-4c72-a81e-0c32842d375c/resourceGroups/rg-possible-horse",
            "location": "eastus",
            "managed_by": "",
            "name": "rg-possible-horse",
            "tags": null,
            "timeouts": null
          },
          "sensitive_attributes": [],
          "private": "eyJlMmJmYjczMC1lY2FhLTExZTYtOGY4OC0zNDM2M2JjN2M0YzAiOnsiY3JlYXRlIjo1NDAwMDAwMDAwMDAwLCJkZWxldGUiOjU0MDAwMDAwMDAwMDAsInJlYWQiOjMwMDAwMDAwMDAwMCwidXBkYXRlIjo1NDAwMDAwMDAwMDAwfX0=",
          "dependencies": [
            "random_pet.rg_name"
          ]
        }
      ]
    },
    {
      "mode": "managed",
      "type": "random_pet",
      "name": "azurerm_kubernetes_cluster_dns_prefix",
      "provider": "provider[\"registry.terraform.io/hashicorp/random\"]",
      "instances": [
        {
          "schema_version": 0,
          "attributes": {
            "id": "dns-witty-macaw",
            "keepers": null,
            "length": 2,
            "prefix": "dns",
            "separator": "-"
          },
          "sensitive_attributes": []
        }
      ]
    },
    {
      "mode": "managed",
      "type": "random_pet",
      "name": "azurerm_kubernetes_cluster_name",
      "provider": "provider[\"registry.terraform.io/hashicorp/random\"]",
      "instances": [
        {
          "schema_version": 0,
          "attributes": {
            "id": "cluster-healthy-jay",
            "keepers": null,
            "length": 2,
            "prefix": "cluster",
            "separator": "-"
          },
          "sensitive_attributes": []
        }
      ]
    },
    {
      "mode": "managed",
      "type": "random_pet",
      "name": "rg_name",
      "provider": "provider[\"registry.terraform.io/hashicorp/random\"]",
      "instances": [
        {
          "schema_version": 0,
          "attributes": {
            "id": "rg-possible-horse",
            "keepers": null,
            "length": 2,
            "prefix": "rg",
            "separator": "-"
          },
          "sensitive_attributes": []
        }
      ]
    },
    {
      "mode": "managed",
      "type": "random_pet",
      "name": "ssh_key_name",
      "provider": "provider[\"registry.terraform.io/hashicorp/random\"]",
      "instances": [
        {
          "schema_version": 0,
          "attributes": {
            "id": "sshfreedoberman",
            "keepers": null,
            "length": 2,
            "prefix": "ssh",
            "separator": ""
          },
          "sensitive_attributes": []
        }
      ]
    }
  ],
  "check_results": null
}
